
Microsoft Visual Studio Solution File, Format Version 12.00
# Visual Studio Version 17
VisualStudioVersion = 17.13.35931.197 d17.13
MinimumVisualStudioVersion = 10.0.40219.1
Project("{FAE04EC0-301F-11D3-BF4B-00C04F79EFBC}") = "The_Old_Robot", "The_Old_Robot.csproj", "{745307D9-AC8C-478C-91EF-C5AC8236FB2C}"
EndProject
Global
	GlobalSection(SolutionConfigurationPlatforms) = preSolution
		Debug|Any CPU = Debug|Any CPU
		Release|Any CPU = Release|Any CPU
	EndGlobalSection
	GlobalSection(ProjectConfigurationPlatforms) = postSolution
		{745307D9-AC8C-478C-91EF-C5AC8236FB2C}.Debug|Any CPU.ActiveCfg = Debug|Any CPU
		{745307D9-AC8C-478C-91EF-C5AC8236FB2C}.Debug|Any CPU.Build.0 = Debug|Any CPU
		{745307D9-AC8C-478C-91EF-C5AC8236FB2C}.Release|Any CPU.ActiveCfg = Release|Any CPU
		{745307D9-AC8C-478C-91EF-C5AC8236FB2C}.Release|Any CPU.Build.0 = Release|Any CPU
	EndGlobalSection
	GlobalSection(SolutionProperties) = preSolution
		HideSolutionNode = FALSE
	EndGlobalSection
	GlobalSection(ExtensibilityGlobals) = postSolution
		SolutionGuid = {EC37BEF8-2C97-4482-BD40-497557B0DFA0}
	EndGlobalSection
EndGlobal
